{
  "name": "js_tutorial",
  "lockfileVersion": 3,
  "requires": true,
  "packages": {
    "": {
      "dependencies": {
        "peredur-palindrome": "^0.1.0"
      }
    },
    "node_modules/peredur-palindrome": {
      "version": "0.1.0",
      "resolved": "https://registry.npmjs.org/peredur-palindrome/-/peredur-palindrome-0.1.0.tgz",
      "integrity": "sha512-6mxmzSWEtpxbaOnCwFWoRtylI71jI3FS6NTl1K+ZcLgYOg9v6OWMG48qkBjPcQtAPxcRoJcLAN2u3YZsA21eSA==",
      "license": "ISC"
    }
  }
}
